
Microsoft Visual Studio Solution File, Format Version 12.00
# Visual Studio 15
VisualStudioVersion = 15.0.28307.106
MinimumVisualStudioVersion = 10.0.40219.1
Project("{FAE04EC0-301F-11D3-BF4B-00C04F79EFBC}") = "JS_Lesson11", "JS_Lesson11\JS_Lesson11.csproj", "{E4B03C87-06BF-4731-8DD4-C32B46F38C3B}"
EndProject
Global
	GlobalSection(SolutionConfigurationPlatforms) = preSolution
		Debug|Any CPU = Debug|Any CPU
		Release|Any CPU = Release|Any CPU
	EndGlobalSection
	GlobalSection(ProjectConfigurationPlatforms) = postSolution
		{E4B03C87-06BF-4731-8DD4-C32B46F38C3B}.Debug|Any CPU.ActiveCfg = Debug|Any CPU
		{E4B03C87-06BF-4731-8DD4-C32B46F38C3B}.Debug|Any CPU.Build.0 = Debug|Any CPU
		{E4B03C87-06BF-4731-8DD4-C32B46F38C3B}.Release|Any CPU.ActiveCfg = Release|Any CPU
		{E4B03C87-06BF-4731-8DD4-C32B46F38C3B}.Release|Any CPU.Build.0 = Release|Any CPU
	EndGlobalSection
	GlobalSection(SolutionProperties) = preSolution
		HideSolutionNode = FALSE
	EndGlobalSection
	GlobalSection(ExtensibilityGlobals) = postSolution
		SolutionGuid = {CC99EC3A-97B8-465B-989A-60F4CD39BE85}
	EndGlobalSection
EndGlobal
